// !$*UTF8*$!
{
	archiveVersion = 1;
	classes = {
	};
	objectVersion = 55;
	objects = {

/* Begin PBXBuildFile section */
		3F022671280E566B00747E63 /* SillyMeterView.swift in Sources */ = {isa = PBXBuildFile; fileRef = 3F022670280E566B00747E63 /* SillyMeterView.swift */; };
		3F022673280E82D100747E63 /* InvasionView.swift in Sources */ = {isa = PBXBuildFile; fileRef = 3F022672280E82D100747E63 /* InvasionView.swift */; };
		3F576B732808BCC800B9AA86 /* FieldOfficeView.swift in Sources */ = {isa = PBXBuildFile; fileRef = 3F576B722808BCC800B9AA86 /* FieldOfficeView.swift */; };
		3F78472128074A1B0021BAE9 /* ToontownProjectApp.swift in Sources */ = {isa = PBXBuildFile; fileRef = 3F78472028074A1B0021BAE9 /* ToontownProjectApp.swift */; };
		3F78472328074A1B0021BAE9 /* ContentView.swift in Sources */ = {isa = PBXBuildFile; fileRef = 3F78472228074A1B0021BAE9 /* ContentView.swift */; };
		3F78472528074A1D0021BAE9 /* Assets.xcassets in Resources */ = {isa = PBXBuildFile; fileRef = 3F78472428074A1D0021BAE9 /* Assets.xcassets */; };
		3F78472828074A1D0021BAE9 /* Preview Assets.xcassets in Resources */ = {isa = PBXBuildFile; fileRef = 3F78472728074A1D0021BAE9 /* Preview Assets.xcassets */; };
		3F78473228074B4D0021BAE9 /* ToontownViewModel.swift in Sources */ = {isa = PBXBuildFile; fileRef = 3F78473128074B4D0021BAE9 /* ToontownViewModel.swift */; };
		3F78473428074E680021BAE9 /* SillyMeter.swift in Sources */ = {isa = PBXBuildFile; fileRef = 3F78473328074E680021BAE9 /* SillyMeter.swift */; };
		3F7847362807CE570021BAE9 /* Invasion.swift in Sources */ = {isa = PBXBuildFile; fileRef = 3F7847352807CE570021BAE9 /* Invasion.swift */; };
		3F7847382807D5D00021BAE9 /* Population.swift in Sources */ = {isa = PBXBuildFile; fileRef = 3F7847372807D5D00021BAE9 /* Population.swift */; };
		3F78473A2807D8080021BAE9 /* FieldOffice.swift in Sources */ = {isa = PBXBuildFile; fileRef = 3F7847392807D8080021BAE9 /* FieldOffice.swift */; };
		3F78473E2807DBAD0021BAE9 /* PopulationView.swift in Sources */ = {isa = PBXBuildFile; fileRef = 3F78473D2807DBAD0021BAE9 /* PopulationView.swift */; };
/* End PBXBuildFile section */

/* Begin PBXFileReference section */
		3F022670280E566B00747E63 /* SillyMeterView.swift */ = {isa = PBXFileReference; lastKnownFileType = sourcecode.swift; path = SillyMeterView.swift; sourceTree = "<group>"; };
		3F022672280E82D100747E63 /* InvasionView.swift */ = {isa = PBXFileReference; lastKnownFileType = sourcecode.swift; path = InvasionView.swift; sourceTree = "<group>"; };
		3F576B722808BCC800B9AA86 /* FieldOfficeView.swift */ = {isa = PBXFileReference; lastKnownFileType = sourcecode.swift; path = FieldOfficeView.swift; sourceTree = "<group>"; };
		3F78471D28074A1B0021BAE9 /* ToontownProject.app */ = {isa = PBXFileReference; explicitFileType = wrapper.application; includeInIndex = 0; path = ToontownProject.app; sourceTree = BUILT_PRODUCTS_DIR; };
		3F78472028074A1B0021BAE9 /* ToontownProjectApp.swift */ = {isa = PBXFileReference; lastKnownFileType = sourcecode.swift; path = ToontownProjectApp.swift; sourceTree = "<group>"; };
		3F78472228074A1B0021BAE9 /* ContentView.swift */ = {isa = PBXFileReference; lastKnownFileType = sourcecode.swift; path = ContentView.swift; sourceTree = "<group>"; };
		3F78472428074A1D0021BAE9 /* Assets.xcassets */ = {isa = PBXFileReference; lastKnownFileType = folder.assetcatalog; path = Assets.xcassets; sourceTree = "<group>"; };
		3F78472728074A1D0021BAE9 /* Preview Assets.xcassets */ = {isa = PBXFileReference; lastKnownFileType = folder.assetcatalog; path = "Preview Assets.xcassets"; sourceTree = "<group>"; };
		3F78472928074A1D0021BAE9 /* ToontownProject.entitlements */ = {isa = PBXFileReference; lastKnownFileType = text.plist.entitlements; path = ToontownProject.entitlements; sourceTree = "<group>"; };
		3F78473128074B4D0021BAE9 /* ToontownViewModel.swift */ = {isa = PBXFileReference; lastKnownFileType = sourcecode.swift; path = ToontownViewModel.swift; sourceTree = "<group>"; };
		3F78473328074E680021BAE9 /* SillyMeter.swift */ = {isa = PBXFileReference; lastKnownFileType = sourcecode.swift; path = SillyMeter.swift; sourceTree = "<group>"; };
		3F7847352807CE570021BAE9 /* Invasion.swift */ = {isa = PBXFileReference; lastKnownFileType = sourcecode.swift; path = Invasion.swift; sourceTree = "<group>"; };
		3F7847372807D5D00021BAE9 /* Population.swift */ = {isa = PBXFileReference; lastKnownFileType = sourcecode.swift; path = Population.swift; sourceTree = "<group>"; };
		3F7847392807D8080021BAE9 /* FieldOffice.swift */ = {isa = PBXFileReference; lastKnownFileType = sourcecode.swift; path = FieldOffice.swift; sourceTree = "<group>"; };
		3F78473D2807DBAD0021BAE9 /* PopulationView.swift */ = {isa = PBXFileReference; lastKnownFileType = sourcecode.swift; path = PopulationView.swift; sourceTree = "<group>"; };
/* End PBXFileReference section */

/* Begin PBXFrameworksBuildPhase section */
		3F78471A28074A1B0021BAE9 /* Frameworks */ = {
			isa = PBXFrameworksBuildPhase;
			buildActionMask = 2147483647;
			files = (
			);
			runOnlyForDeploymentPostprocessing = 0;
		};
/* End PBXFrameworksBuildPhase section */

/* Begin PBXGroup section */
		3F78471428074A1B0021BAE9 = {
			isa = PBXGroup;
			children = (
				3F78471F28074A1B0021BAE9 /* ToontownProject */,
				3F78471E28074A1B0021BAE9 /* Products */,
			);
			sourceTree = "<group>";
		};
		3F78471E28074A1B0021BAE9 /* Products */ = {
			isa = PBXGroup;
			children = (
				3F78471D28074A1B0021BAE9 /* ToontownProject.app */,
			);
			name = Products;
			sourceTree = "<group>";
		};
		3F78471F28074A1B0021BAE9 /* ToontownProject */ = {
			isa = PBXGroup;
			children = (
				3F78473C2807DB110021BAE9 /* Views */,
				3F78473B2807DAD70021BAE9 /* Elements */,
				3F78472028074A1B0021BAE9 /* ToontownProjectApp.swift */,
				3F78473128074B4D0021BAE9 /* ToontownViewModel.swift */,
				3F78472228074A1B0021BAE9 /* ContentView.swift */,
				3F78472428074A1D0021BAE9 /* Assets.xcassets */,
				3F78472928074A1D0021BAE9 /* ToontownProject.entitlements */,
				3F78472628074A1D0021BAE9 /* Preview Content */,
			);
			path = ToontownProject;
			sourceTree = "<group>";
		};
		3F78472628074A1D0021BAE9 /* Preview Content */ = {
			isa = PBXGroup;
			children = (
				3F78472728074A1D0021BAE9 /* Preview Assets.xcassets */,
			);
			path = "Preview Content";
			sourceTree = "<group>";
		};
		3F78473B2807DAD70021BAE9 /* Elements */ = {
			isa = PBXGroup;
			children = (
				3F78473328074E680021BAE9 /* SillyMeter.swift */,
				3F7847392807D8080021BAE9 /* FieldOffice.swift */,
				3F7847372807D5D00021BAE9 /* Population.swift */,
				3F7847352807CE570021BAE9 /* Invasion.swift */,
			);
			path = Elements;
			sourceTree = "<group>";
		};
		3F78473C2807DB110021BAE9 /* Views */ = {
			isa = PBXGroup;
			children = (
				3F78473D2807DBAD0021BAE9 /* PopulationView.swift */,
				3F576B722808BCC800B9AA86 /* FieldOfficeView.swift */,
				3F022670280E566B00747E63 /* SillyMeterView.swift */,
				3F022672280E82D100747E63 /* InvasionView.swift */,
			);
			path = Views;
			sourceTree = "<group>";
		};
/* End PBXGroup section */

/* Begin PBXNativeTarget section */
		3F78471C28074A1B0021BAE9 /* ToontownProject */ = {
			isa = PBXNativeTarget;
			buildConfigurationList = 3F78472C28074A1D0021BAE9 /* Build configuration list for PBXNativeTarget "ToontownProject" */;
			buildPhases = (
				3F78471928074A1B0021BAE9 /* Sources */,
				3F78471A28074A1B0021BAE9 /* Frameworks */,
				3F78471B28074A1B0021BAE9 /* Resources */,
			);
			buildRules = (
			);
			dependencies = (
			);
			name = ToontownProject;
			productName = ToontownProject;
			productReference = 3F78471D28074A1B0021BAE9 /* ToontownProject.app */;
			productType = "com.apple.product-type.application";
		};
/* End PBXNativeTarget section */

/* Begin PBXProject section */
		3F78471528074A1B0021BAE9 /* Project object */ = {
			isa = PBXProject;
			attributes = {
				BuildIndependentTargetsInParallel = 1;
				LastSwiftUpdateCheck = 1330;
				LastUpgradeCheck = 1330;
				TargetAttributes = {
					3F78471C28074A1B0021BAE9 = {
						CreatedOnToolsVersion = 13.3.1;
					};
				};
			};
			buildConfigurationList = 3F78471828074A1B0021BAE9 /* Build configuration list for PBXProject "ToontownProject" */;
			compatibilityVersion = "Xcode 13.0";
			developmentRegion = en;
			hasScannedForEncodings = 0;
			knownRegions = (
				en,
				Base,
			);
			mainGroup = 3F78471428074A1B0021BAE9;
			productRefGroup = 3F78471E28074A1B0021BAE9 /* Products */;
			projectDirPath = "";
			projectRoot = "";
			targets = (
				3F78471C28074A1B0021BAE9 /* ToontownProject */,
			);
		};
/* End PBXProject section */

/* Begin PBXResourcesBuildPhase section */
		3F78471B28074A1B0021BAE9 /* Resources */ = {
			isa = PBXResourcesBuildPhase;
			buildActionMask = 2147483647;
			files = (
				3F78472828074A1D0021BAE9 /* Preview Assets.xcassets in Resources */,
				3F78472528074A1D0021BAE9 /* Assets.xcassets in Resources */,
			);
			runOnlyForDeploymentPostprocessing = 0;
		};
/* End PBXResourcesBuildPhase section */

/* Begin PBXSourcesBuildPhase section */
		3F78471928074A1B0021BAE9 /* Sources */ = {
			isa = PBXSourcesBuildPhase;
			buildActionMask = 2147483647;
			files = (
				3F022671280E566B00747E63 /* SillyMeterView.swift in Sources */,
				3F7847382807D5D00021BAE9 /* Population.swift in Sources */,
				3F78472328074A1B0021BAE9 /* ContentView.swift in Sources */,
				3F78473428074E680021BAE9 /* SillyMeter.swift in Sources */,
				3F022673280E82D100747E63 /* InvasionView.swift in Sources */,
				3F78473A2807D8080021BAE9 /* FieldOffice.swift in Sources */,
				3F78473228074B4D0021BAE9 /* ToontownViewModel.swift in Sources */,
				3F78473E2807DBAD0021BAE9 /* PopulationView.swift in Sources */,
				3F78472128074A1B0021BAE9 /* ToontownProjectApp.swift in Sources */,
				3F576B732808BCC800B9AA86 /* FieldOfficeView.swift in Sources */,
				3F7847362807CE570021BAE9 /* Invasion.swift in Sources */,
			);
			runOnlyForDeploymentPostprocessing = 0;
		};
/* End PBXSourcesBuildPhase section */

/* Begin XCBuildConfiguration section */
		3F78472A28074A1D0021BAE9 /* Debug */ = {
			isa = XCBuildConfiguration;
			buildSettings = {
				ALWAYS_SEARCH_USER_PATHS = NO;
				CLANG_ANALYZER_NONNULL = YES;
				CLANG_ANALYZER_NUMBER_OBJECT_CONVERSION = YES_AGGRESSIVE;
				CLANG_CXX_LANGUAGE_STANDARD = "gnu++17";
				CLANG_ENABLE_MODULES = YES;
				CLANG_ENABLE_OBJC_ARC = YES;
				CLANG_ENABLE_OBJC_WEAK = YES;
				CLANG_WARN_BLOCK_CAPTURE_AUTORELEASING = YES;
				CLANG_WARN_BOOL_CONVERSION = YES;
				CLANG_WARN_COMMA = YES;
				CLANG_WARN_CONSTANT_CONVERSION = YES;
				CLANG_WARN_DEPRECATED_OBJC_IMPLEMENTATIONS = YES;
				CLANG_WARN_DIRECT_OBJC_ISA_USAGE = YES_ERROR;
				CLANG_WARN_DOCUMENTATION_COMMENTS = YES;
				CLANG_WARN_EMPTY_BODY = YES;
				CLANG_WARN_ENUM_CONVERSION = YES;
				CLANG_WARN_INFINITE_RECURSION = YES;
				CLANG_WARN_INT_CONVERSION = YES;
				CLANG_WARN_NON_LITERAL_NULL_CONVERSION = YES;
				CLANG_WARN_OBJC_IMPLICIT_RETAIN_SELF = YES;
				CLANG_WARN_OBJC_LITERAL_CONVERSION = YES;
				CLANG_WARN_OBJC_ROOT_CLASS = YES_ERROR;
				CLANG_WARN_QUOTED_INCLUDE_IN_FRAMEWORK_HEADER = YES;
				CLANG_WARN_RANGE_LOOP_ANALYSIS = YES;
				CLANG_WARN_STRICT_PROTOTYPES = YES;
				CLANG_WARN_SUSPICIOUS_MOVE = YES;
				CLANG_WARN_UNGUARDED_AVAILABILITY = YES_AGGRESSIVE;
				CLANG_WARN_UNREACHABLE_CODE = YES;
				CLANG_WARN__DUPLICATE_METHOD_MATCH = YES;
				COPY_PHASE_STRIP = NO;
				DEBUG_INFORMATION_FORMAT = dwarf;
				ENABLE_STRICT_OBJC_MSGSEND = YES;
				ENABLE_TESTABILITY = YES;
				GCC_C_LANGUAGE_STANDARD = gnu11;
				GCC_DYNAMIC_NO_PIC = NO;
				GCC_NO_COMMON_BLOCKS = YES;
				GCC_OPTIMIZATION_LEVEL = 0;
				GCC_PREPROCESSOR_DEFINITIONS = (
					"DEBUG=1",
					"$(inherited)",
				);
				GCC_WARN_64_TO_32_BIT_CONVERSION = YES;
				GCC_WARN_ABOUT_RETURN_TYPE = YES_ERROR;
				GCC_WARN_UNDECLARED_SELECTOR = YES;
				GCC_WARN_UNINITIALIZED_AUTOS = YES_AGGRESSIVE;
				GCC_WARN_UNUSED_FUNCTION = YES;
				GCC_WARN_UNUSED_VARIABLE = YES;
				MACOSX_DEPLOYMENT_TARGET = 12.1;
				MTL_ENABLE_DEBUG_INFO = INCLUDE_SOURCE;
				MTL_FAST_MATH = YES;
				ONLY_ACTIVE_ARCH = YES;
				SDKROOT = macosx;
				SWIFT_ACTIVE_COMPILATION_CONDITIONS = DEBUG;
				SWIFT_OPTIMIZATION_LEVEL = "-Onone";
			};
			name = Debug;
		};
		3F78472B28074A1D0021BAE9 /* Release */ = {
			isa = XCBuildConfiguration;
			buildSettings = {
				ALWAYS_SEARCH_USER_PATHS = NO;
				CLANG_ANALYZER_NONNULL = YES;
				CLANG_ANALYZER_NUMBER_OBJECT_CONVERSION = YES_AGGRESSIVE;
				CLANG_CXX_LANGUAGE_STANDARD = "gnu++17";
				CLANG_ENABLE_MODULES = YES;
				CLANG_ENABLE_OBJC_ARC = YES;
				CLANG_ENABLE_OBJC_WEAK = YES;
				CLANG_WARN_BLOCK_CAPTURE_AUTORELEASING = YES;
				CLANG_WARN_BOOL_CONVERSION = YES;
				CLANG_WARN_COMMA = YES;
				CLANG_WARN_CONSTANT_CONVERSION = YES;
				CLANG_WARN_DEPRECATED_OBJC_IMPLEMENTATIONS = YES;
				CLANG_WARN_DIRECT_OBJC_ISA_USAGE = YES_ERROR;
				CLANG_WARN_DOCUMENTATION_COMMENTS = YES;
				CLANG_WARN_EMPTY_BODY = YES;
				CLANG_WARN_ENUM_CONVERSION = YES;
				CLANG_WARN_INFINITE_RECURSION = YES;
				CLANG_WARN_INT_CONVERSION = YES;
				CLANG_WARN_NON_LITERAL_NULL_CONVERSION = YES;
				CLANG_WARN_OBJC_IMPLICIT_RETAIN_SELF = YES;
				CLANG_WARN_OBJC_LITERAL_CONVERSION = YES;
				CLANG_WARN_OBJC_ROOT_CLASS = YES_ERROR;
				CLANG_WARN_QUOTED_INCLUDE_IN_FRAMEWORK_HEADER = YES;
				CLANG_WARN_RANGE_LOOP_ANALYSIS = YES;
				CLANG_WARN_STRICT_PROTOTYPES = YES;
				CLANG_WARN_SUSPICIOUS_MOVE = YES;
				CLANG_WARN_UNGUARDED_AVAILABILITY = YES_AGGRESSIVE;
				CLANG_WARN_UNREACHABLE_CODE = YES;
				CLANG_WARN__DUPLICATE_METHOD_MATCH = YES;
				COPY_PHASE_STRIP = NO;
				DEBUG_INFORMATION_FORMAT = "dwarf-with-dsym";
				ENABLE_NS_ASSERTIONS = NO;
				ENABLE_STRICT_OBJC_MSGSEND = YES;
				GCC_C_LANGUAGE_STANDARD = gnu11;
				GCC_NO_COMMON_BLOCKS = YES;
				GCC_WARN_64_TO_32_BIT_CONVERSION = YES;
				GCC_WARN_ABOUT_RETURN_TYPE = YES_ERROR;
				GCC_WARN_UNDECLARED_SELECTOR = YES;
				GCC_WARN_UNINITIALIZED_AUTOS = YES_AGGRESSIVE;
				GCC_WARN_UNUSED_FUNCTION = YES;
				GCC_WARN_UNUSED_VARIABLE = YES;
				MACOSX_DEPLOYMENT_TARGET = 12.1;
				MTL_ENABLE_DEBUG_INFO = NO;
				MTL_FAST_MATH = YES;
				SDKROOT = macosx;
				SWIFT_COMPILATION_MODE = wholemodule;
				SWIFT_OPTIMIZATION_LEVEL = "-O";
			};
			name = Release;
		};
		3F78472D28074A1D0021BAE9 /* Debug */ = {
			isa = XCBuildConfiguration;
			buildSettings = {
				ASSETCATALOG_COMPILER_APPICON_NAME = AppIcon;
				ASSETCATALOG_COMPILER_GLOBAL_ACCENT_COLOR_NAME = AccentColor;
				CODE_SIGN_ENTITLEMENTS = ToontownProject/ToontownProject.entitlements;
				CODE_SIGN_STYLE = Automatic;
				COMBINE_HIDPI_IMAGES = YES;
				CURRENT_PROJECT_VERSION = 1;
				DEVELOPMENT_ASSET_PATHS = "\"ToontownProject/Preview Content\"";
				ENABLE_PREVIEWS = YES;
				GENERATE_INFOPLIST_FILE = YES;
				INFOPLIST_KEY_NSHumanReadableCopyright = "";
				LD_RUNPATH_SEARCH_PATHS = (
					"$(inherited)",
					"@executable_path/../Frameworks",
				);
				MARKETING_VERSION = 1.0;
				PRODUCT_BUNDLE_IDENTIFIER = com.adhingra.ToontownProject;
				PRODUCT_NAME = "$(TARGET_NAME)";
				SWIFT_EMIT_LOC_STRINGS = YES;
				SWIFT_VERSION = 5.0;
			};
			name = Debug;
		};
		3F78472E28074A1D0021BAE9 /* Release */ = {
			isa = XCBuildConfiguration;
			buildSettings = {
				ASSETCATALOG_COMPILER_APPICON_NAME = AppIcon;
				ASSETCATALOG_COMPILER_GLOBAL_ACCENT_COLOR_NAME = AccentColor;
				CODE_SIGN_ENTITLEMENTS = ToontownProject/ToontownProject.entitlements;
				CODE_SIGN_STYLE = Automatic;
				COMBINE_HIDPI_IMAGES = YES;
				CURRENT_PROJECT_VERSION = 1;
				DEVELOPMENT_ASSET_PATHS = "\"ToontownProject/Preview Content\"";
				ENABLE_PREVIEWS = YES;
				GENERATE_INFOPLIST_FILE = YES;
				INFOPLIST_KEY_NSHumanReadableCopyright = "";
				LD_RUNPATH_SEARCH_PATHS = (
					"$(inherited)",
					"@executable_path/../Frameworks",
				);
				MARKETING_VERSION = 1.0;
				PRODUCT_BUNDLE_IDENTIFIER = com.adhingra.ToontownProject;
				PRODUCT_NAME = "$(TARGET_NAME)";
				SWIFT_EMIT_LOC_STRINGS = YES;
				SWIFT_VERSION = 5.0;
			};
			name = Release;
		};
/* End XCBuildConfiguration section */

/* Begin XCConfigurationList section */
		3F78471828074A1B0021BAE9 /* Build configuration list for PBXProject "ToontownProject" */ = {
			isa = XCConfigurationList;
			buildConfigurations = (
				3F78472A28074A1D0021BAE9 /* Debug */,
				3F78472B28074A1D0021BAE9 /* Release */,
			);
			defaultConfigurationIsVisible = 0;
			defaultConfigurationName = Release;
		};
		3F78472C28074A1D0021BAE9 /* Build configuration list for PBXNativeTarget "ToontownProject" */ = {
			isa = XCConfigurationList;
			buildConfigurations = (
				3F78472D28074A1D0021BAE9 /* Debug */,
				3F78472E28074A1D0021BAE9 /* Release */,
			);
			defaultConfigurationIsVisible = 0;
			defaultConfigurationName = Release;
		};
/* End XCConfigurationList section */
	};
	rootObject = 3F78471528074A1B0021BAE9 /* Project object */;
}
